
Microsoft Visual Studio Solution File, Format Version 12.00
# Visual Studio Version 16
VisualStudioVersion = 16.0.31321.278
MinimumVisualStudioVersion = 10.0.40219.1
Project("{FAE04EC0-301F-11D3-BF4B-00C04F79EFBC}") = "CafeSmart", "DemoEx\CafeSmart.csproj", "{715B5D51-68FE-4674-A739-B59F7ED5010A}"
EndProject
Global
	GlobalSection(SolutionConfigurationPlatforms) = preSolution
		Debug|Any CPU = Debug|Any CPU
		Release|Any CPU = Release|Any CPU
	EndGlobalSection
	GlobalSection(ProjectConfigurationPlatforms) = postSolution
		{715B5D51-68FE-4674-A739-B59F7ED5010A}.Debug|Any CPU.ActiveCfg = Debug|Any CPU
		{715B5D51-68FE-4674-A739-B59F7ED5010A}.Debug|Any CPU.Build.0 = Debug|Any CPU
		{715B5D51-68FE-4674-A739-B59F7ED5010A}.Release|Any CPU.ActiveCfg = Release|Any CPU
		{715B5D51-68FE-4674-A739-B59F7ED5010A}.Release|Any CPU.Build.0 = Release|Any CPU
	EndGlobalSection
	GlobalSection(SolutionProperties) = preSolution
		HideSolutionNode = FALSE
	EndGlobalSection
	GlobalSection(ExtensibilityGlobals) = postSolution
		SolutionGuid = {6488FEEB-7E53-4FFC-8961-0ED86CA91FF8}
	EndGlobalSection
EndGlobal
